github.com/wildtechgarden/demo-test-site-hugo-wtg v0.3.2 h1:TNJeojQUwfFU5/tZZf/G9W0ZksqIpn1ZQA39SUEVWaI=
github.com/wildtechgarden/demo-test-site-hugo-wtg v0.3.2/go.mod h1:Bm3jUL1XjEWNb7rx+I3tBYgW5fYMpt9n0WSdysWP62Q=
github.com/wildtechgarden/wild-theme-shell-mod-hugo v0.1.0-beta.1 h1:XXgsU4R8QD3zL0mzP1KJtnPwEYKpy6pa/HIn9pB6pn0=
github.com/wildtechgarden/wild-theme-shell-mod-hugo v0.1.0-beta.1/go.mod h1:Rc7S/unR9fEgAcMfrNNi1QOqfl0obTBdIQvT4ZiwziY=
