github.com/wildtechgarden/demo-test-site-hugo-wtg v0.3.6 h1:5S/OxRH6t+KtFhorBXog/cQYfxru4LUf3R1ANiNG0DA=
github.com/wildtechgarden/demo-test-site-hugo-wtg v0.3.6/go.mod h1:Bm3jUL1XjEWNb7rx+I3tBYgW5fYMpt9n0WSdysWP62Q=
github.com/wildtechgarden/wild-theme-shell-mod-hugo v0.2.2-alpha.3 h1:NQGyok7BjjejwEGj4q9LW1m+I4QjdvtvBur7LRX7WX0=
github.com/wildtechgarden/wild-theme-shell-mod-hugo v0.2.2-alpha.3/go.mod h1:Rc7S/unR9fEgAcMfrNNi1QOqfl0obTBdIQvT4ZiwziY=
