github.com/wildtechgarden/demo-test-site-hugo-wtg v0.3.0 h1:WJYnylOEGQR4oZjJO0xjibgW2hCYuTwhSP6H9zGApsQ=
github.com/wildtechgarden/demo-test-site-hugo-wtg v0.3.0/go.mod h1:Bm3jUL1XjEWNb7rx+I3tBYgW5fYMpt9n0WSdysWP62Q=
github.com/wildtechgarden/wild-theme-shell-mod-hugo v0.1.0-alpha.8 h1:8mA7yyi8eusSCqx5Vd9wKrOgeds5M/dzCDHZvdzVgvo=
github.com/wildtechgarden/wild-theme-shell-mod-hugo v0.1.0-alpha.8/go.mod h1:Rc7S/unR9fEgAcMfrNNi1QOqfl0obTBdIQvT4ZiwziY=
